
Microsoft Visual Studio Solution File, Format Version 12.00
# Visual Studio 14
VisualStudioVersion = 14.0.23107.0
MinimumVisualStudioVersion = 10.0.40219.1
Project("{FAE04EC0-301F-11D3-BF4B-00C04F79EFBC}") = "IrisEngine", "iris engine\IrisEngine.csproj", "{43C639B3-8FA5-4D43-8F89-3A554AD50B4D}"
	ProjectSection(ProjectDependencies) = postProject
		{1FC9924D-3834-4A0B-A0D9-83D77C2A0344} = {1FC9924D-3834-4A0B-A0D9-83D77C2A0344}
		{DB81988F-E0F2-45A0-A1FD-8C37F3D35244} = {DB81988F-E0F2-45A0-A1FD-8C37F3D35244}
	EndProjectSection
EndProject
Project("{FAE04EC0-301F-11D3-BF4B-00C04F79EFBC}") = "AvalonDock", "avalondock\AvalonDock.csproj", "{DB81988F-E0F2-45A0-A1FD-8C37F3D35244}"
EndProject
Project("{FAE04EC0-301F-11D3-BF4B-00C04F79EFBC}") = "AvalonDock.Themes.IrisIDE", "avalondock_theme\AvalonDock.Themes.IrisIDE.csproj", "{1FC9924D-3834-4A0B-A0D9-83D77C2A0344}"
EndProject
Project("{2150E333-8FDC-42A3-9474-1A3956D46DE8}") = "avalondock", "avalondock", "{7B44159D-8966-4D17-B46F-B3D13E1AA5D7}"
EndProject
Project("{2150E333-8FDC-42A3-9474-1A3956D46DE8}") = "nodecontroller", "nodecontroller", "{15BE44D2-C92B-472B-A231-F1BF6FE53B3C}"
EndProject
Project("{FAE04EC0-301F-11D3-BF4B-00C04F79EFBC}") = "ZoomAndPan", "nodecontroller\zoomandpan\ZoomAndPan.csproj", "{468ADEDE-6F5E-40C0-99C9-C6DAC4FAC934}"
EndProject
Project("{FAE04EC0-301F-11D3-BF4B-00C04F79EFBC}") = "Utils", "nodecontroller\utils\Utils.csproj", "{E7D6707B-D6EF-4FA8-9374-DC3B7D3CDFD6}"
EndProject
Project("{FAE04EC0-301F-11D3-BF4B-00C04F79EFBC}") = "NetworkUI", "nodecontroller\networkui\NetworkUI.csproj", "{B7CA1480-C144-40AC-AB97-A626F800D5B4}"
EndProject
Project("{FAE04EC0-301F-11D3-BF4B-00C04F79EFBC}") = "AdornedControl", "nodecontroller\adornedcontrol\AdornedControl.csproj", "{94B81CB7-F8A6-44BC-BD71-E927F701E0D8}"
EndProject
Project("{FAE04EC0-301F-11D3-BF4B-00C04F79EFBC}") = "AdvancedSample", "nodecontroller\advancedsample\AdvancedSample.csproj", "{2AA2E559-5417-40ED-A739-D98049C8A68A}"
EndProject
Project("{FAE04EC0-301F-11D3-BF4B-00C04F79EFBC}") = "AdvancedNetworkModel", "nodecontroller\NetworkModel\AdvancedNetworkModel.csproj", "{669475DA-8F89-4657-B917-0B0C126BCD1D}"
EndProject
Global
	GlobalSection(SolutionConfigurationPlatforms) = preSolution
		Debug|Any CPU = Debug|Any CPU
		Release|Any CPU = Release|Any CPU
	EndGlobalSection
	GlobalSection(ProjectConfigurationPlatforms) = postSolution
		{43C639B3-8FA5-4D43-8F89-3A554AD50B4D}.Debug|Any CPU.ActiveCfg = Debug|Any CPU
		{43C639B3-8FA5-4D43-8F89-3A554AD50B4D}.Debug|Any CPU.Build.0 = Debug|Any CPU
		{43C639B3-8FA5-4D43-8F89-3A554AD50B4D}.Release|Any CPU.ActiveCfg = Release|Any CPU
		{43C639B3-8FA5-4D43-8F89-3A554AD50B4D}.Release|Any CPU.Build.0 = Release|Any CPU
		{DB81988F-E0F2-45A0-A1FD-8C37F3D35244}.Debug|Any CPU.ActiveCfg = Debug|Any CPU
		{DB81988F-E0F2-45A0-A1FD-8C37F3D35244}.Debug|Any CPU.Build.0 = Debug|Any CPU
		{DB81988F-E0F2-45A0-A1FD-8C37F3D35244}.Release|Any CPU.ActiveCfg = Release|Any CPU
		{DB81988F-E0F2-45A0-A1FD-8C37F3D35244}.Release|Any CPU.Build.0 = Release|Any CPU
		{1FC9924D-3834-4A0B-A0D9-83D77C2A0344}.Debug|Any CPU.ActiveCfg = Debug|Any CPU
		{1FC9924D-3834-4A0B-A0D9-83D77C2A0344}.Debug|Any CPU.Build.0 = Debug|Any CPU
		{1FC9924D-3834-4A0B-A0D9-83D77C2A0344}.Release|Any CPU.ActiveCfg = Release|Any CPU
		{1FC9924D-3834-4A0B-A0D9-83D77C2A0344}.Release|Any CPU.Build.0 = Release|Any CPU
		{468ADEDE-6F5E-40C0-99C9-C6DAC4FAC934}.Debug|Any CPU.ActiveCfg = Debug|Any CPU
		{468ADEDE-6F5E-40C0-99C9-C6DAC4FAC934}.Debug|Any CPU.Build.0 = Debug|Any CPU
		{468ADEDE-6F5E-40C0-99C9-C6DAC4FAC934}.Release|Any CPU.ActiveCfg = Release|Any CPU
		{468ADEDE-6F5E-40C0-99C9-C6DAC4FAC934}.Release|Any CPU.Build.0 = Release|Any CPU
		{E7D6707B-D6EF-4FA8-9374-DC3B7D3CDFD6}.Debug|Any CPU.ActiveCfg = Debug|Any CPU
		{E7D6707B-D6EF-4FA8-9374-DC3B7D3CDFD6}.Debug|Any CPU.Build.0 = Debug|Any CPU
		{E7D6707B-D6EF-4FA8-9374-DC3B7D3CDFD6}.Release|Any CPU.ActiveCfg = Release|Any CPU
		{E7D6707B-D6EF-4FA8-9374-DC3B7D3CDFD6}.Release|Any CPU.Build.0 = Release|Any CPU
		{B7CA1480-C144-40AC-AB97-A626F800D5B4}.Debug|Any CPU.ActiveCfg = Debug|Any CPU
		{B7CA1480-C144-40AC-AB97-A626F800D5B4}.Debug|Any CPU.Build.0 = Debug|Any CPU
		{B7CA1480-C144-40AC-AB97-A626F800D5B4}.Release|Any CPU.ActiveCfg = Release|Any CPU
		{B7CA1480-C144-40AC-AB97-A626F800D5B4}.Release|Any CPU.Build.0 = Release|Any CPU
		{94B81CB7-F8A6-44BC-BD71-E927F701E0D8}.Debug|Any CPU.ActiveCfg = Debug|Any CPU
		{94B81CB7-F8A6-44BC-BD71-E927F701E0D8}.Debug|Any CPU.Build.0 = Debug|Any CPU
		{94B81CB7-F8A6-44BC-BD71-E927F701E0D8}.Release|Any CPU.ActiveCfg = Release|Any CPU
		{94B81CB7-F8A6-44BC-BD71-E927F701E0D8}.Release|Any CPU.Build.0 = Release|Any CPU
		{2AA2E559-5417-40ED-A739-D98049C8A68A}.Debug|Any CPU.ActiveCfg = Debug|Any CPU
		{2AA2E559-5417-40ED-A739-D98049C8A68A}.Debug|Any CPU.Build.0 = Debug|Any CPU
		{2AA2E559-5417-40ED-A739-D98049C8A68A}.Release|Any CPU.ActiveCfg = Release|Any CPU
		{2AA2E559-5417-40ED-A739-D98049C8A68A}.Release|Any CPU.Build.0 = Release|Any CPU
		{669475DA-8F89-4657-B917-0B0C126BCD1D}.Debug|Any CPU.ActiveCfg = Debug|Any CPU
		{669475DA-8F89-4657-B917-0B0C126BCD1D}.Debug|Any CPU.Build.0 = Debug|Any CPU
		{669475DA-8F89-4657-B917-0B0C126BCD1D}.Release|Any CPU.ActiveCfg = Release|Any CPU
		{669475DA-8F89-4657-B917-0B0C126BCD1D}.Release|Any CPU.Build.0 = Release|Any CPU
	EndGlobalSection
	GlobalSection(SolutionProperties) = preSolution
		HideSolutionNode = FALSE
	EndGlobalSection
	GlobalSection(NestedProjects) = preSolution
		{DB81988F-E0F2-45A0-A1FD-8C37F3D35244} = {7B44159D-8966-4D17-B46F-B3D13E1AA5D7}
		{1FC9924D-3834-4A0B-A0D9-83D77C2A0344} = {7B44159D-8966-4D17-B46F-B3D13E1AA5D7}
		{468ADEDE-6F5E-40C0-99C9-C6DAC4FAC934} = {15BE44D2-C92B-472B-A231-F1BF6FE53B3C}
		{E7D6707B-D6EF-4FA8-9374-DC3B7D3CDFD6} = {15BE44D2-C92B-472B-A231-F1BF6FE53B3C}
		{B7CA1480-C144-40AC-AB97-A626F800D5B4} = {15BE44D2-C92B-472B-A231-F1BF6FE53B3C}
		{94B81CB7-F8A6-44BC-BD71-E927F701E0D8} = {15BE44D2-C92B-472B-A231-F1BF6FE53B3C}
		{2AA2E559-5417-40ED-A739-D98049C8A68A} = {15BE44D2-C92B-472B-A231-F1BF6FE53B3C}
		{669475DA-8F89-4657-B917-0B0C126BCD1D} = {15BE44D2-C92B-472B-A231-F1BF6FE53B3C}
	EndGlobalSection
EndGlobal
